{
  "originHash" : "0a8fce6d3cd251ad12ea6d2f48f55bfdc4fa43f93e39dce01f4b2baa78e6feb8",
  "pins" : [
    {
      "identity" : "highlightr",
      "kind" : "remoteSourceControl",
      "location" : "https://github.com/raspu/Highlightr",
      "state" : {
        "revision" : "93199b9e434f04bda956a613af8f571933f9f037",
        "version" : "2.1.2"
      }
    }
  ],
  "version" : 3
}
